
Microsoft Visual Studio Solution File, Format Version 12.00
# Visual Studio Version 17
VisualStudioVersion = 17.6.33723.286
MinimumVisualStudioVersion = 10.0.40219.1
Project("{FAE04EC0-301F-11D3-BF4B-00C04F79EFBC}") = "Zadanie_2", "Zadanie_2\Zadanie_2.csproj", "{BB633BB1-C20F-4243-BAB9-398C6E72FDE0}"
EndProject
Global
	GlobalSection(SolutionConfigurationPlatforms) = preSolution
		Debug|Any CPU = Debug|Any CPU
		Release|Any CPU = Release|Any CPU
	EndGlobalSection
	GlobalSection(ProjectConfigurationPlatforms) = postSolution
		{BB633BB1-C20F-4243-BAB9-398C6E72FDE0}.Debug|Any CPU.ActiveCfg = Debug|Any CPU
		{BB633BB1-C20F-4243-BAB9-398C6E72FDE0}.Debug|Any CPU.Build.0 = Debug|Any CPU
		{BB633BB1-C20F-4243-BAB9-398C6E72FDE0}.Release|Any CPU.ActiveCfg = Release|Any CPU
		{BB633BB1-C20F-4243-BAB9-398C6E72FDE0}.Release|Any CPU.Build.0 = Release|Any CPU
	EndGlobalSection
	GlobalSection(SolutionProperties) = preSolution
		HideSolutionNode = FALSE
	EndGlobalSection
	GlobalSection(ExtensibilityGlobals) = postSolution
		SolutionGuid = {658965DD-FB0D-47D1-A42D-22744700F717}
	EndGlobalSection
EndGlobal
