
Microsoft Visual Studio Solution File, Format Version 12.00
# Visual Studio Version 17
VisualStudioVersion = 17.6.33723.286
MinimumVisualStudioVersion = 10.0.40219.1
Project("{FAE04EC0-301F-11D3-BF4B-00C04F79EFBC}") = "Zadanie_4", "Zadanie_4\Zadanie_4.csproj", "{C697A7FF-8AEF-4EB4-AC26-442A89AC0C9D}"
EndProject
Global
	GlobalSection(SolutionConfigurationPlatforms) = preSolution
		Debug|Any CPU = Debug|Any CPU
		Release|Any CPU = Release|Any CPU
	EndGlobalSection
	GlobalSection(ProjectConfigurationPlatforms) = postSolution
		{C697A7FF-8AEF-4EB4-AC26-442A89AC0C9D}.Debug|Any CPU.ActiveCfg = Debug|Any CPU
		{C697A7FF-8AEF-4EB4-AC26-442A89AC0C9D}.Debug|Any CPU.Build.0 = Debug|Any CPU
		{C697A7FF-8AEF-4EB4-AC26-442A89AC0C9D}.Release|Any CPU.ActiveCfg = Release|Any CPU
		{C697A7FF-8AEF-4EB4-AC26-442A89AC0C9D}.Release|Any CPU.Build.0 = Release|Any CPU
	EndGlobalSection
	GlobalSection(SolutionProperties) = preSolution
		HideSolutionNode = FALSE
	EndGlobalSection
	GlobalSection(ExtensibilityGlobals) = postSolution
		SolutionGuid = {14C93487-1AE0-460C-B833-043D43FF0D6F}
	EndGlobalSection
EndGlobal
