
Microsoft Visual Studio Solution File, Format Version 12.00
# Visual Studio Version 17
VisualStudioVersion = 17.6.33723.286
MinimumVisualStudioVersion = 10.0.40219.1
Project("{FAE04EC0-301F-11D3-BF4B-00C04F79EFBC}") = "Zadanie_2b", "Zadanie_2b\Zadanie_2b.csproj", "{3A3B5E83-F87D-4435-A0FC-3861CC57AEFC}"
EndProject
Global
	GlobalSection(SolutionConfigurationPlatforms) = preSolution
		Debug|Any CPU = Debug|Any CPU
		Release|Any CPU = Release|Any CPU
	EndGlobalSection
	GlobalSection(ProjectConfigurationPlatforms) = postSolution
		{3A3B5E83-F87D-4435-A0FC-3861CC57AEFC}.Debug|Any CPU.ActiveCfg = Debug|Any CPU
		{3A3B5E83-F87D-4435-A0FC-3861CC57AEFC}.Debug|Any CPU.Build.0 = Debug|Any CPU
		{3A3B5E83-F87D-4435-A0FC-3861CC57AEFC}.Release|Any CPU.ActiveCfg = Release|Any CPU
		{3A3B5E83-F87D-4435-A0FC-3861CC57AEFC}.Release|Any CPU.Build.0 = Release|Any CPU
	EndGlobalSection
	GlobalSection(SolutionProperties) = preSolution
		HideSolutionNode = FALSE
	EndGlobalSection
	GlobalSection(ExtensibilityGlobals) = postSolution
		SolutionGuid = {652F2040-EE44-41AA-B69B-53BFE630456E}
	EndGlobalSection
EndGlobal
